
Microsoft Visual Studio Solution File, Format Version 12.00
# Visual Studio Version 17
VisualStudioVersion = 17.13.35931.197
MinimumVisualStudioVersion = 10.0.40219.1
Project("{8BC9CEB8-8B4A-11D0-8D11-00A0C91BC942}") = "GP11-01-記念カキコミ", "GP11-01-記念カキコミ\GP11-01-記念カキコミ.vcxproj", "{6F0D053D-76A2-41F1-A13A-F25A6007F24A}"
EndProject
Project("{8BC9CEB8-8B4A-11D0-8D11-00A0C91BC942}") = "GP11-02-簡易電卓", "GP11-02-簡易電卓\GP11-02-簡易電卓.vcxproj", "{120A06C5-43EB-44D1-9985-C5345F49BE78}"
EndProject
Project("{8BC9CEB8-8B4A-11D0-8D11-00A0C91BC942}") = "GP11-03-数当てゲーム", "GP11-03-数当てゲーム\GP11-03-数当てゲーム.vcxproj", "{17184507-6211-47F9-B043-297C9588B9D8}"
EndProject
Project("{8BC9CEB8-8B4A-11D0-8D11-00A0C91BC942}") = "GP11-04-奇数魔法陣", "GP11-04-奇数魔法陣\GP11-04-奇数魔法陣.vcxproj", "{BAE13544-5005-4C80-87E5-4F992427E81A}"
EndProject
Global
	GlobalSection(SolutionConfigurationPlatforms) = preSolution
		Debug|x64 = Debug|x64
		Debug|x86 = Debug|x86
		Release|x64 = Release|x64
		Release|x86 = Release|x86
	EndGlobalSection
	GlobalSection(ProjectConfigurationPlatforms) = postSolution
		{6F0D053D-76A2-41F1-A13A-F25A6007F24A}.Debug|x64.ActiveCfg = Debug|x64
		{6F0D053D-76A2-41F1-A13A-F25A6007F24A}.Debug|x64.Build.0 = Debug|x64
		{6F0D053D-76A2-41F1-A13A-F25A6007F24A}.Debug|x86.ActiveCfg = Debug|Win32
		{6F0D053D-76A2-41F1-A13A-F25A6007F24A}.Debug|x86.Build.0 = Debug|Win32
		{6F0D053D-76A2-41F1-A13A-F25A6007F24A}.Release|x64.ActiveCfg = Release|x64
		{6F0D053D-76A2-41F1-A13A-F25A6007F24A}.Release|x64.Build.0 = Release|x64
		{6F0D053D-76A2-41F1-A13A-F25A6007F24A}.Release|x86.ActiveCfg = Release|Win32
		{6F0D053D-76A2-41F1-A13A-F25A6007F24A}.Release|x86.Build.0 = Release|Win32
		{120A06C5-43EB-44D1-9985-C5345F49BE78}.Debug|x64.ActiveCfg = Debug|x64
		{120A06C5-43EB-44D1-9985-C5345F49BE78}.Debug|x64.Build.0 = Debug|x64
		{120A06C5-43EB-44D1-9985-C5345F49BE78}.Debug|x86.ActiveCfg = Debug|Win32
		{120A06C5-43EB-44D1-9985-C5345F49BE78}.Debug|x86.Build.0 = Debug|Win32
		{120A06C5-43EB-44D1-9985-C5345F49BE78}.Release|x64.ActiveCfg = Release|x64
		{120A06C5-43EB-44D1-9985-C5345F49BE78}.Release|x64.Build.0 = Release|x64
		{120A06C5-43EB-44D1-9985-C5345F49BE78}.Release|x86.ActiveCfg = Release|Win32
		{120A06C5-43EB-44D1-9985-C5345F49BE78}.Release|x86.Build.0 = Release|Win32
		{17184507-6211-47F9-B043-297C9588B9D8}.Debug|x64.ActiveCfg = Debug|x64
		{17184507-6211-47F9-B043-297C9588B9D8}.Debug|x64.Build.0 = Debug|x64
		{17184507-6211-47F9-B043-297C9588B9D8}.Debug|x86.ActiveCfg = Debug|Win32
		{17184507-6211-47F9-B043-297C9588B9D8}.Debug|x86.Build.0 = Debug|Win32
		{17184507-6211-47F9-B043-297C9588B9D8}.Release|x64.ActiveCfg = Release|x64
		{17184507-6211-47F9-B043-297C9588B9D8}.Release|x64.Build.0 = Release|x64
		{17184507-6211-47F9-B043-297C9588B9D8}.Release|x86.ActiveCfg = Release|Win32
		{17184507-6211-47F9-B043-297C9588B9D8}.Release|x86.Build.0 = Release|Win32
		{BAE13544-5005-4C80-87E5-4F992427E81A}.Debug|x64.ActiveCfg = Debug|x64
		{BAE13544-5005-4C80-87E5-4F992427E81A}.Debug|x64.Build.0 = Debug|x64
		{BAE13544-5005-4C80-87E5-4F992427E81A}.Debug|x86.ActiveCfg = Debug|Win32
		{BAE13544-5005-4C80-87E5-4F992427E81A}.Debug|x86.Build.0 = Debug|Win32
		{BAE13544-5005-4C80-87E5-4F992427E81A}.Release|x64.ActiveCfg = Release|x64
		{BAE13544-5005-4C80-87E5-4F992427E81A}.Release|x64.Build.0 = Release|x64
		{BAE13544-5005-4C80-87E5-4F992427E81A}.Release|x86.ActiveCfg = Release|Win32
		{BAE13544-5005-4C80-87E5-4F992427E81A}.Release|x86.Build.0 = Release|Win32
	EndGlobalSection
	GlobalSection(SolutionProperties) = preSolution
		HideSolutionNode = FALSE
	EndGlobalSection
	GlobalSection(ExtensibilityGlobals) = postSolution
		SolutionGuid = {A015E29D-2FB1-48E5-8AE8-86B92B1F34CB}
	EndGlobalSection
EndGlobal
